// !$*UTF8*$!
{
	archiveVersion = 1;
	classes = {
	};
	objectVersion = 48;
	objects = {

/* Begin PBXBuildFile section */
		C4E2E4582007083000B8FCF0 /* AppDelegate.swift in Sources */ = {isa = PBXBuildFile; fileRef = C4E2E4572007083000B8FCF0 /* AppDelegate.swift */; };
		C4E2E45A2007083000B8FCF0 /* ViewController.swift in Sources */ = {isa = PBXBuildFile; fileRef = C4E2E4592007083000B8FCF0 /* ViewController.swift */; };
		C4E2E45D2007083000B8FCF0 /* Main.storyboard in Resources */ = {isa = PBXBuildFile; fileRef = C4E2E45B2007083000B8FCF0 /* Main.storyboard */; };
		C4E2E45F2007083000B8FCF0 /* Assets.xcassets in Resources */ = {isa = PBXBuildFile; fileRef = C4E2E45E2007083000B8FCF0 /* Assets.xcassets */; };
		C4E2E4622007083000B8FCF0 /* LaunchScreen.storyboard in Resources */ = {isa = PBXBuildFile; fileRef = C4E2E4602007083000B8FCF0 /* LaunchScreen.storyboard */; };
		C4E2E46D2007083000B8FCF0 /* TipsterTests.swift in Sources */ = {isa = PBXBuildFile; fileRef = C4E2E46C2007083000B8FCF0 /* TipsterTests.swift */; };
		C4E2E4782007083000B8FCF0 /* TipsterUITests.swift in Sources */ = {isa = PBXBuildFile; fileRef = C4E2E4772007083000B8FCF0 /* TipsterUITests.swift */; };
/* End PBXBuildFile section */

/* Begin PBXContainerItemProxy section */
		C4E2E4692007083000B8FCF0 /* PBXContainerItemProxy */ = {
			isa = PBXContainerItemProxy;
			containerPortal = C4E2E44C2007083000B8FCF0 /* Project object */;
			proxyType = 1;
			remoteGlobalIDString = C4E2E4532007083000B8FCF0;
			remoteInfo = Tipster;
		};
		C4E2E4742007083000B8FCF0 /* PBXContainerItemProxy */ = {
			isa = PBXContainerItemProxy;
			containerPortal = C4E2E44C2007083000B8FCF0 /* Project object */;
			proxyType = 1;
			remoteGlobalIDString = C4E2E4532007083000B8FCF0;
			remoteInfo = Tipster;
		};
/* End PBXContainerItemProxy section */

/* Begin PBXFileReference section */
		C4E2E4542007083000B8FCF0 /* Tipster.app */ = {isa = PBXFileReference; explicitFileType = wrapper.application; includeInIndex = 0; path = Tipster.app; sourceTree = BUILT_PRODUCTS_DIR; };
		C4E2E4572007083000B8FCF0 /* AppDelegate.swift */ = {isa = PBXFileReference; lastKnownFileType = sourcecode.swift; path = AppDelegate.swift; sourceTree = "<group>"; };
		C4E2E4592007083000B8FCF0 /* ViewController.swift */ = {isa = PBXFileReference; lastKnownFileType = sourcecode.swift; path = ViewController.swift; sourceTree = "<group>"; };
		C4E2E45C2007083000B8FCF0 /* Base */ = {isa = PBXFileReference; lastKnownFileType = file.storyboard; name = Base; path = Base.lproj/Main.storyboard; sourceTree = "<group>"; };
		C4E2E45E2007083000B8FCF0 /* Assets.xcassets */ = {isa = PBXFileReference; lastKnownFileType = folder.assetcatalog; path = Assets.xcassets; sourceTree = "<group>"; };
		C4E2E4612007083000B8FCF0 /* Base */ = {isa = PBXFileReference; lastKnownFileType = file.storyboard; name = Base; path = Base.lproj/LaunchScreen.storyboard; sourceTree = "<group>"; };
		C4E2E4632007083000B8FCF0 /* Info.plist */ = {isa = PBXFileReference; lastKnownFileType = text.plist.xml; path = Info.plist; sourceTree = "<group>"; };
		C4E2E4682007083000B8FCF0 /* TipsterTests.xctest */ = {isa = PBXFileReference; explicitFileType = wrapper.cfbundle; includeInIndex = 0; path = TipsterTests.xctest; sourceTree = BUILT_PRODUCTS_DIR; };
		C4E2E46C2007083000B8FCF0 /* TipsterTests.swift */ = {isa = PBXFileReference; lastKnownFileType = sourcecode.swift; path = TipsterTests.swift; sourceTree = "<group>"; };
		C4E2E46E2007083000B8FCF0 /* Info.plist */ = {isa = PBXFileReference; lastKnownFileType = text.plist.xml; path = Info.plist; sourceTree = "<group>"; };
		C4E2E4732007083000B8FCF0 /* TipsterUITests.xctest */ = {isa = PBXFileReference; explicitFileType = wrapper.cfbundle; includeInIndex = 0; path = TipsterUITests.xctest; sourceTree = BUILT_PRODUCTS_DIR; };
		C4E2E4772007083000B8FCF0 /* TipsterUITests.swift */ = {isa = PBXFileReference; lastKnownFileType = sourcecode.swift; path = TipsterUITests.swift; sourceTree = "<group>"; };
		C4E2E4792007083000B8FCF0 /* Info.plist */ = {isa = PBXFileReference; lastKnownFileType = text.plist.xml; path = Info.plist; sourceTree = "<group>"; };
/* End PBXFileReference section */

/* Begin PBXFrameworksBuildPhase section */
		C4E2E4512007083000B8FCF0 /* Frameworks */ = {
			isa = PBXFrameworksBuildPhase;
			buildActionMask = 2147483647;
			files = (
			);
			runOnlyForDeploymentPostprocessing = 0;
		};
		C4E2E4652007083000B8FCF0 /* Frameworks */ = {
			isa = PBXFrameworksBuildPhase;
			buildActionMask = 2147483647;
			files = (
			);
			runOnlyForDeploymentPostprocessing = 0;
		};
		C4E2E4702007083000B8FCF0 /* Frameworks */ = {
			isa = PBXFrameworksBuildPhase;
			buildActionMask = 2147483647;
			files = (
			);
			runOnlyForDeploymentPostprocessing = 0;
		};
/* End PBXFrameworksBuildPhase section */

/* Begin PBXGroup section */
		C4E2E44B2007083000B8FCF0 = {
			isa = PBXGroup;
			children = (
				C4E2E4562007083000B8FCF0 /* Tipster */,
				C4E2E46B2007083000B8FCF0 /* TipsterTests */,
				C4E2E4762007083000B8FCF0 /* TipsterUITests */,
				C4E2E4552007083000B8FCF0 /* Products */,
			);
			sourceTree = "<group>";
		};
		C4E2E4552007083000B8FCF0 /* Products */ = {
			isa = PBXGroup;
			children = (
				C4E2E4542007083000B8FCF0 /* Tipster.app */,
				C4E2E4682007083000B8FCF0 /* TipsterTests.xctest */,
				C4E2E4732007083000B8FCF0 /* TipsterUITests.xctest */,
			);
			name = Products;
			sourceTree = "<group>";
		};
		C4E2E4562007083000B8FCF0 /* Tipster */ = {
			isa = PBXGroup;
			children = (
				C4E2E4572007083000B8FCF0 /* AppDelegate.swift */,
				C4E2E4592007083000B8FCF0 /* ViewController.swift */,
				C4E2E45B2007083000B8FCF0 /* Main.storyboard */,
				C4E2E45E2007083000B8FCF0 /* Assets.xcassets */,
				C4E2E4602007083000B8FCF0 /* LaunchScreen.storyboard */,
				C4E2E4632007083000B8FCF0 /* Info.plist */,
			);
			path = Tipster;
			sourceTree = "<group>";
		};
		C4E2E46B2007083000B8FCF0 /* TipsterTests */ = {
			isa = PBXGroup;
			children = (
				C4E2E46C2007083000B8FCF0 /* TipsterTests.swift */,
				C4E2E46E2007083000B8FCF0 /* Info.plist */,
			);
			path = TipsterTests;
			sourceTree = "<group>";
		};
		C4E2E4762007083000B8FCF0 /* TipsterUITests */ = {
			isa = PBXGroup;
			children = (
				C4E2E4772007083000B8FCF0 /* TipsterUITests.swift */,
				C4E2E4792007083000B8FCF0 /* Info.plist */,
			);
			path = TipsterUITests;
			sourceTree = "<group>";
		};
/* End PBXGroup section */

/* Begin PBXNativeTarget section */
		C4E2E4532007083000B8FCF0 /* Tipster */ = {
			isa = PBXNativeTarget;
			buildConfigurationList = C4E2E47C2007083000B8FCF0 /* Build configuration list for PBXNativeTarget "Tipster" */;
			buildPhases = (
				C4E2E4502007083000B8FCF0 /* Sources */,
				C4E2E4512007083000B8FCF0 /* Frameworks */,
				C4E2E4522007083000B8FCF0 /* Resources */,
			);
			buildRules = (
			);
			dependencies = (
			);
			name = Tipster;
			productName = Tipster;
			productReference = C4E2E4542007083000B8FCF0 /* Tipster.app */;
			productType = "com.apple.product-type.application";
		};
		C4E2E4672007083000B8FCF0 /* TipsterTests */ = {
			isa = PBXNativeTarget;
			buildConfigurationList = C4E2E47F2007083000B8FCF0 /* Build configuration list for PBXNativeTarget "TipsterTests" */;
			buildPhases = (
				C4E2E4642007083000B8FCF0 /* Sources */,
				C4E2E4652007083000B8FCF0 /* Frameworks */,
				C4E2E4662007083000B8FCF0 /* Resources */,
			);
			buildRules = (
			);
			dependencies = (
				C4E2E46A2007083000B8FCF0 /* PBXTargetDependency */,
			);
			name = TipsterTests;
			productName = TipsterTests;
			productReference = C4E2E4682007083000B8FCF0 /* TipsterTests.xctest */;
			productType = "com.apple.product-type.bundle.unit-test";
		};
		C4E2E4722007083000B8FCF0 /* TipsterUITests */ = {
			isa = PBXNativeTarget;
			buildConfigurationList = C4E2E4822007083000B8FCF0 /* Build configuration list for PBXNativeTarget "TipsterUITests" */;
			buildPhases = (
				C4E2E46F2007083000B8FCF0 /* Sources */,
				C4E2E4702007083000B8FCF0 /* Frameworks */,
				C4E2E4712007083000B8FCF0 /* Resources */,
			);
			buildRules = (
			);
			dependencies = (
				C4E2E4752007083000B8FCF0 /* PBXTargetDependency */,
			);
			name = TipsterUITests;
			productName = TipsterUITests;
			productReference = C4E2E4732007083000B8FCF0 /* TipsterUITests.xctest */;
			productType = "com.apple.product-type.bundle.ui-testing";
		};
/* End PBXNativeTarget section */

/* Begin PBXProject section */
		C4E2E44C2007083000B8FCF0 /* Project object */ = {
			isa = PBXProject;
			attributes = {
				LastSwiftUpdateCheck = 0920;
				LastUpgradeCheck = 0920;
				ORGANIZATIONNAME = Ben;
				TargetAttributes = {
					C4E2E4532007083000B8FCF0 = {
						CreatedOnToolsVersion = 9.2;
						ProvisioningStyle = Automatic;
					};
					C4E2E4672007083000B8FCF0 = {
						CreatedOnToolsVersion = 9.2;
						ProvisioningStyle = Automatic;
						TestTargetID = C4E2E4532007083000B8FCF0;
					};
					C4E2E4722007083000B8FCF0 = {
						CreatedOnToolsVersion = 9.2;
						ProvisioningStyle = Automatic;
						TestTargetID = C4E2E4532007083000B8FCF0;
					};
				};
			};
			buildConfigurationList = C4E2E44F2007083000B8FCF0 /* Build configuration list for PBXProject "Tipster" */;
			compatibilityVersion = "Xcode 8.0";
			developmentRegion = en;
			hasScannedForEncodings = 0;
			knownRegions = (
				en,
				Base,
			);
			mainGroup = C4E2E44B2007083000B8FCF0;
			productRefGroup = C4E2E4552007083000B8FCF0 /* Products */;
			projectDirPath = "";
			projectRoot = "";
			targets = (
				C4E2E4532007083000B8FCF0 /* Tipster */,
				C4E2E4672007083000B8FCF0 /* TipsterTests */,
				C4E2E4722007083000B8FCF0 /* TipsterUITests */,
			);
		};
/* End PBXProject section */

/* Begin PBXResourcesBuildPhase section */
		C4E2E4522007083000B8FCF0 /* Resources */ = {
			isa = PBXResourcesBuildPhase;
			buildActionMask = 2147483647;
			files = (
				C4E2E4622007083000B8FCF0 /* LaunchScreen.storyboard in Resources */,
				C4E2E45F2007083000B8FCF0 /* Assets.xcassets in Resources */,
				C4E2E45D2007083000B8FCF0 /* Main.storyboard in Resources */,
			);
			runOnlyForDeploymentPostprocessing = 0;
		};
		C4E2E4662007083000B8FCF0 /* Resources */ = {
			isa = PBXResourcesBuildPhase;
			buildActionMask = 2147483647;
			files = (
			);
			runOnlyForDeploymentPostprocessing = 0;
		};
		C4E2E4712007083000B8FCF0 /* Resources */ = {
			isa = PBXResourcesBuildPhase;
			buildActionMask = 2147483647;
			files = (
			);
			runOnlyForDeploymentPostprocessing = 0;
		};
/* End PBXResourcesBuildPhase section */

/* Begin PBXSourcesBuildPhase section */
		C4E2E4502007083000B8FCF0 /* Sources */ = {
			isa = PBXSourcesBuildPhase;
			buildActionMask = 2147483647;
			files = (
				C4E2E45A2007083000B8FCF0 /* ViewController.swift in Sources */,
				C4E2E4582007083000B8FCF0 /* AppDelegate.swift in Sources */,
			);
			runOnlyForDeploymentPostprocessing = 0;
		};
		C4E2E4642007083000B8FCF0 /* Sources */ = {
			isa = PBXSourcesBuildPhase;
			buildActionMask = 2147483647;
			files = (
				C4E2E46D2007083000B8FCF0 /* TipsterTests.swift in Sources */,
			);
			runOnlyForDeploymentPostprocessing = 0;
		};
		C4E2E46F2007083000B8FCF0 /* Sources */ = {
			isa = PBXSourcesBuildPhase;
			buildActionMask = 2147483647;
			files = (
				C4E2E4782007083000B8FCF0 /* TipsterUITests.swift in Sources */,
			);
			runOnlyForDeploymentPostprocessing = 0;
		};
/* End PBXSourcesBuildPhase section */

/* Begin PBXTargetDependency section */
		C4E2E46A2007083000B8FCF0 /* PBXTargetDependency */ = {
			isa = PBXTargetDependency;
			target = C4E2E4532007083000B8FCF0 /* Tipster */;
			targetProxy = C4E2E4692007083000B8FCF0 /* PBXContainerItemProxy */;
		};
		C4E2E4752007083000B8FCF0 /* PBXTargetDependency */ = {
			isa = PBXTargetDependency;
			target = C4E2E4532007083000B8FCF0 /* Tipster */;
			targetProxy = C4E2E4742007083000B8FCF0 /* PBXContainerItemProxy */;
		};
/* End PBXTargetDependency section */

/* Begin PBXVariantGroup section */
		C4E2E45B2007083000B8FCF0 /* Main.storyboard */ = {
			isa = PBXVariantGroup;
			children = (
				C4E2E45C2007083000B8FCF0 /* Base */,
			);
			name = Main.storyboard;
			sourceTree = "<group>";
		};
		C4E2E4602007083000B8FCF0 /* LaunchScreen.storyboard */ = {
			isa = PBXVariantGroup;
			children = (
				C4E2E4612007083000B8FCF0 /* Base */,
			);
			name = LaunchScreen.storyboard;
			sourceTree = "<group>";
		};
/* End PBXVariantGroup section */

/* Begin XCBuildConfiguration section */
		C4E2E47A2007083000B8FCF0 /* Debug */ = {
			isa = XCBuildConfiguration;
			buildSettings = {
				ALWAYS_SEARCH_USER_PATHS = NO;
				CLANG_ANALYZER_NONNULL = YES;
				CLANG_ANALYZER_NUMBER_OBJECT_CONVERSION = YES_AGGRESSIVE;
				CLANG_CXX_LANGUAGE_STANDARD = "gnu++14";
				CLANG_CXX_LIBRARY = "libc++";
				CLANG_ENABLE_MODULES = YES;
				CLANG_ENABLE_OBJC_ARC = YES;
				CLANG_WARN_BLOCK_CAPTURE_AUTORELEASING = YES;
				CLANG_WARN_BOOL_CONVERSION = YES;
				CLANG_WARN_COMMA = YES;
				CLANG_WARN_CONSTANT_CONVERSION = YES;
				CLANG_WARN_DIRECT_OBJC_ISA_USAGE = YES_ERROR;
				CLANG_WARN_DOCUMENTATION_COMMENTS = YES;
				CLANG_WARN_EMPTY_BODY = YES;
				CLANG_WARN_ENUM_CONVERSION = YES;
				CLANG_WARN_INFINITE_RECURSION = YES;
				CLANG_WARN_INT_CONVERSION = YES;
				CLANG_WARN_NON_LITERAL_NULL_CONVERSION = YES;
				CLANG_WARN_OBJC_LITERAL_CONVERSION = YES;
				CLANG_WARN_OBJC_ROOT_CLASS = YES_ERROR;
				CLANG_WARN_RANGE_LOOP_ANALYSIS = YES;
				CLANG_WARN_STRICT_PROTOTYPES = YES;
				CLANG_WARN_SUSPICIOUS_MOVE = YES;
				CLANG_WARN_UNGUARDED_AVAILABILITY = YES_AGGRESSIVE;
				CLANG_WARN_UNREACHABLE_CODE = YES;
				CLANG_WARN__DUPLICATE_METHOD_MATCH = YES;
				CODE_SIGN_IDENTITY = "iPhone Developer";
				COPY_PHASE_STRIP = NO;
				DEBUG_INFORMATION_FORMAT = dwarf;
				ENABLE_STRICT_OBJC_MSGSEND = YES;
				ENABLE_TESTABILITY = YES;
				GCC_C_LANGUAGE_STANDARD = gnu11;
				GCC_DYNAMIC_NO_PIC = NO;
				GCC_NO_COMMON_BLOCKS = YES;
				GCC_OPTIMIZATION_LEVEL = 0;
				GCC_PREPROCESSOR_DEFINITIONS = (
					"DEBUG=1",
					"$(inherited)",
				);
				GCC_WARN_64_TO_32_BIT_CONVERSION = YES;
				GCC_WARN_ABOUT_RETURN_TYPE = YES_ERROR;
				GCC_WARN_UNDECLARED_SELECTOR = YES;
				GCC_WARN_UNINITIALIZED_AUTOS = YES_AGGRESSIVE;
				GCC_WARN_UNUSED_FUNCTION = YES;
				GCC_WARN_UNUSED_VARIABLE = YES;
				IPHONEOS_DEPLOYMENT_TARGET = 11.2;
				MTL_ENABLE_DEBUG_INFO = YES;
				ONLY_ACTIVE_ARCH = YES;
				SDKROOT = iphoneos;
				SWIFT_ACTIVE_COMPILATION_CONDITIONS = DEBUG;
				SWIFT_OPTIMIZATION_LEVEL = "-Onone";
			};
			name = Debug;
		};
		C4E2E47B2007083000B8FCF0 /* Release */ = {
			isa = XCBuildConfiguration;
			buildSettings = {
				ALWAYS_SEARCH_USER_PATHS = NO;
				CLANG_ANALYZER_NONNULL = YES;
				CLANG_ANALYZER_NUMBER_OBJECT_CONVERSION = YES_AGGRESSIVE;
				CLANG_CXX_LANGUAGE_STANDARD = "gnu++14";
				CLANG_CXX_LIBRARY = "libc++";
				CLANG_ENABLE_MODULES = YES;
				CLANG_ENABLE_OBJC_ARC = YES;
				CLANG_WARN_BLOCK_CAPTURE_AUTORELEASING = YES;
				CLANG_WARN_BOOL_CONVERSION = YES;
				CLANG_WARN_COMMA = YES;
				CLANG_WARN_CONSTANT_CONVERSION = YES;
				CLANG_WARN_DIRECT_OBJC_ISA_USAGE = YES_ERROR;
				CLANG_WARN_DOCUMENTATION_COMMENTS = YES;
				CLANG_WARN_EMPTY_BODY = YES;
				CLANG_WARN_ENUM_CONVERSION = YES;
				CLANG_WARN_INFINITE_RECURSION = YES;
				CLANG_WARN_INT_CONVERSION = YES;
				CLANG_WARN_NON_LITERAL_NULL_CONVERSION = YES;
				CLANG_WARN_OBJC_LITERAL_CONVERSION = YES;
				CLANG_WARN_OBJC_ROOT_CLASS = YES_ERROR;
				CLANG_WARN_RANGE_LOOP_ANALYSIS = YES;
				CLANG_WARN_STRICT_PROTOTYPES = YES;
				CLANG_WARN_SUSPICIOUS_MOVE = YES;
				CLANG_WARN_UNGUARDED_AVAILABILITY = YES_AGGRESSIVE;
				CLANG_WARN_UNREACHABLE_CODE = YES;
				CLANG_WARN__DUPLICATE_METHOD_MATCH = YES;
				CODE_SIGN_IDENTITY = "iPhone Developer";
				COPY_PHASE_STRIP = NO;
				DEBUG_INFORMATION_FORMAT = "dwarf-with-dsym";
				ENABLE_NS_ASSERTIONS = NO;
				ENABLE_STRICT_OBJC_MSGSEND = YES;
				GCC_C_LANGUAGE_STANDARD = gnu11;
				GCC_NO_COMMON_BLOCKS = YES;
				GCC_WARN_64_TO_32_BIT_CONVERSION = YES;
				GCC_WARN_ABOUT_RETURN_TYPE = YES_ERROR;
				GCC_WARN_UNDECLARED_SELECTOR = YES;
				GCC_WARN_UNINITIALIZED_AUTOS = YES_AGGRESSIVE;
				GCC_WARN_UNUSED_FUNCTION = YES;
				GCC_WARN_UNUSED_VARIABLE = YES;
				IPHONEOS_DEPLOYMENT_TARGET = 11.2;
				MTL_ENABLE_DEBUG_INFO = NO;
				SDKROOT = iphoneos;
				SWIFT_OPTIMIZATION_LEVEL = "-Owholemodule";
				VALIDATE_PRODUCT = YES;
			};
			name = Release;
		};
		C4E2E47D2007083000B8FCF0 /* Debug */ = {
			isa = XCBuildConfiguration;
			buildSettings = {
				ASSETCATALOG_COMPILER_APPICON_NAME = AppIcon;
				CODE_SIGN_STYLE = Automatic;
				DEVELOPMENT_TEAM = UZDLCQ3DP9;
				INFOPLIST_FILE = Tipster/Info.plist;
				LD_RUNPATH_SEARCH_PATHS = "$(inherited) @executable_path/Frameworks";
				PRODUCT_BUNDLE_IDENTIFIER = PotatoBrother.Tipster;
				PRODUCT_NAME = "$(TARGET_NAME)";
				SWIFT_VERSION = 4.0;
				TARGETED_DEVICE_FAMILY = "1,2";
			};
			name = Debug;
		};
		C4E2E47E2007083000B8FCF0 /* Release */ = {
			isa = XCBuildConfiguration;
			buildSettings = {
				ASSETCATALOG_COMPILER_APPICON_NAME = AppIcon;
				CODE_SIGN_STYLE = Automatic;
				DEVELOPMENT_TEAM = UZDLCQ3DP9;
				INFOPLIST_FILE = Tipster/Info.plist;
				LD_RUNPATH_SEARCH_PATHS = "$(inherited) @executable_path/Frameworks";
				PRODUCT_BUNDLE_IDENTIFIER = PotatoBrother.Tipster;
				PRODUCT_NAME = "$(TARGET_NAME)";
				SWIFT_VERSION = 4.0;
				TARGETED_DEVICE_FAMILY = "1,2";
			};
			name = Release;
		};
		C4E2E4802007083000B8FCF0 /* Debug */ = {
			isa = XCBuildConfiguration;
			buildSettings = {
				ALWAYS_EMBED_SWIFT_STANDARD_LIBRARIES = YES;
				BUNDLE_LOADER = "$(TEST_HOST)";
				CODE_SIGN_STYLE = Automatic;
				DEVELOPMENT_TEAM = UZDLCQ3DP9;
				INFOPLIST_FILE = TipsterTests/Info.plist;
				LD_RUNPATH_SEARCH_PATHS = "$(inherited) @executable_path/Frameworks @loader_path/Frameworks";
				PRODUCT_BUNDLE_IDENTIFIER = PotatoBrother.TipsterTests;
				PRODUCT_NAME = "$(TARGET_NAME)";
				SWIFT_VERSION = 4.0;
				TARGETED_DEVICE_FAMILY = "1,2";
				TEST_HOST = "$(BUILT_PRODUCTS_DIR)/Tipster.app/Tipster";
			};
			name = Debug;
		};
		C4E2E4812007083000B8FCF0 /* Release */ = {
			isa = XCBuildConfiguration;
			buildSettings = {
				ALWAYS_EMBED_SWIFT_STANDARD_LIBRARIES = YES;
				BUNDLE_LOADER = "$(TEST_HOST)";
				CODE_SIGN_STYLE = Automatic;
				DEVELOPMENT_TEAM = UZDLCQ3DP9;
				INFOPLIST_FILE = TipsterTests/Info.plist;
				LD_RUNPATH_SEARCH_PATHS = "$(inherited) @executable_path/Frameworks @loader_path/Frameworks";
				PRODUCT_BUNDLE_IDENTIFIER = PotatoBrother.TipsterTests;
				PRODUCT_NAME = "$(TARGET_NAME)";
				SWIFT_VERSION = 4.0;
				TARGETED_DEVICE_FAMILY = "1,2";
				TEST_HOST = "$(BUILT_PRODUCTS_DIR)/Tipster.app/Tipster";
			};
			name = Release;
		};
		C4E2E4832007083000B8FCF0 /* Debug */ = {
			isa = XCBuildConfiguration;
			buildSettings = {
				ALWAYS_EMBED_SWIFT_STANDARD_LIBRARIES = YES;
				CODE_SIGN_STYLE = Automatic;
				DEVELOPMENT_TEAM = UZDLCQ3DP9;
				INFOPLIST_FILE = TipsterUITests/Info.plist;
				LD_RUNPATH_SEARCH_PATHS = "$(inherited) @executable_path/Frameworks @loader_path/Frameworks";
				PRODUCT_BUNDLE_IDENTIFIER = PotatoBrother.TipsterUITests;
				PRODUCT_NAME = "$(TARGET_NAME)";
				SWIFT_VERSION = 4.0;
				TARGETED_DEVICE_FAMILY = "1,2";
				TEST_TARGET_NAME = Tipster;
			};
			name = Debug;
		};
		C4E2E4842007083000B8FCF0 /* Release */ = {
			isa = XCBuildConfiguration;
			buildSettings = {
				ALWAYS_EMBED_SWIFT_STANDARD_LIBRARIES = YES;
				CODE_SIGN_STYLE = Automatic;
				DEVELOPMENT_TEAM = UZDLCQ3DP9;
				INFOPLIST_FILE = TipsterUITests/Info.plist;
				LD_RUNPATH_SEARCH_PATHS = "$(inherited) @executable_path/Frameworks @loader_path/Frameworks";
				PRODUCT_BUNDLE_IDENTIFIER = PotatoBrother.TipsterUITests;
				PRODUCT_NAME = "$(TARGET_NAME)";
				SWIFT_VERSION = 4.0;
				TARGETED_DEVICE_FAMILY = "1,2";
				TEST_TARGET_NAME = Tipster;
			};
			name = Release;
		};
/* End XCBuildConfiguration section */

/* Begin XCConfigurationList section */
		C4E2E44F2007083000B8FCF0 /* Build configuration list for PBXProject "Tipster" */ = {
			isa = XCConfigurationList;
			buildConfigurations = (
				C4E2E47A2007083000B8FCF0 /* Debug */,
				C4E2E47B2007083000B8FCF0 /* Release */,
			);
			defaultConfigurationIsVisible = 0;
			defaultConfigurationName = Release;
		};
		C4E2E47C2007083000B8FCF0 /* Build configuration list for PBXNativeTarget "Tipster" */ = {
			isa = XCConfigurationList;
			buildConfigurations = (
				C4E2E47D2007083000B8FCF0 /* Debug */,
				C4E2E47E2007083000B8FCF0 /* Release */,
			);
			defaultConfigurationIsVisible = 0;
			defaultConfigurationName = Release;
		};
		C4E2E47F2007083000B8FCF0 /* Build configuration list for PBXNativeTarget "TipsterTests" */ = {
			isa = XCConfigurationList;
			buildConfigurations = (
				C4E2E4802007083000B8FCF0 /* Debug */,
				C4E2E4812007083000B8FCF0 /* Release */,
			);
			defaultConfigurationIsVisible = 0;
			defaultConfigurationName = Release;
		};
		C4E2E4822007083000B8FCF0 /* Build configuration list for PBXNativeTarget "TipsterUITests" */ = {
			isa = XCConfigurationList;
			buildConfigurations = (
				C4E2E4832007083000B8FCF0 /* Debug */,
				C4E2E4842007083000B8FCF0 /* Release */,
			);
			defaultConfigurationIsVisible = 0;
			defaultConfigurationName = Release;
		};
/* End XCConfigurationList section */
	};
	rootObject = C4E2E44C2007083000B8FCF0 /* Project object */;
}
